
Microsoft Visual Studio Solution File, Format Version 12.00
# Visual Studio Version 17
VisualStudioVersion = 17.1.32414.318
MinimumVisualStudioVersion = 10.0.40219.1
Project("{9A19103F-16F7-4668-BE54-9A1E7A4F7556}") = "marketplace", "marketplace.csproj", "{F124D7FC-0005-46CC-A69F-FDA8745AB09F}"
EndProject
Global
	GlobalSection(SolutionConfigurationPlatforms) = preSolution
		Debug|Any CPU = Debug|Any CPU
		Release|Any CPU = Release|Any CPU
	EndGlobalSection
	GlobalSection(ProjectConfigurationPlatforms) = postSolution
		{F124D7FC-0005-46CC-A69F-FDA8745AB09F}.Debug|Any CPU.ActiveCfg = Debug|Any CPU
		{F124D7FC-0005-46CC-A69F-FDA8745AB09F}.Debug|Any CPU.Build.0 = Debug|Any CPU
		{F124D7FC-0005-46CC-A69F-FDA8745AB09F}.Release|Any CPU.ActiveCfg = Release|Any CPU
		{F124D7FC-0005-46CC-A69F-FDA8745AB09F}.Release|Any CPU.Build.0 = Release|Any CPU
	EndGlobalSection
	GlobalSection(SolutionProperties) = preSolution
		HideSolutionNode = FALSE
	EndGlobalSection
	GlobalSection(ExtensibilityGlobals) = postSolution
		SolutionGuid = {E60D696B-4CA5-4081-83B0-C25AB2192A95}
	EndGlobalSection
EndGlobal
